PODS:
  - Alamofire (5.1.0)
  - Charts (3.5.0):
    - Charts/Core (= 3.5.0)
  - Charts/Core (3.5.0)

DEPENDENCIES:
  - Alamofire
  - Charts

SPEC REPOS:
  trunk:
    - Alamofire
    - Charts

SPEC CHECKSUMS:
  Alamofire: 9d5c5f602928e512395b30950c5984eca840093c
  Charts: 40a08591df1f8ad5c223ddedfb1a06da92f24f7c

PODFILE CHECKSUM: 8b4d507a8e1d71a9d2699cc6a820afb6ffd472bb

COCOAPODS: 1.11.3
