// !$*UTF8*$!
{
	archiveVersion = 1;
	classes = {
	};
	objectVersion = 54;
	objects = {

/* Begin PBXBuildFile section */
		592135B9247929A5009A24A9 /* Urls.swift in Sources */ = {isa = PBXBuildFile; fileRef = 592135B8247929A5009A24A9 /* Urls.swift */; };
		592135BC2479364C009A24A9 /* ResponseStructures.swift in Sources */ = {isa = PBXBuildFile; fileRef = 592135BB2479364C009A24A9 /* ResponseStructures.swift */; };
		592699A124840F64000AE68F /* RateSelectorCoordinator.swift in Sources */ = {isa = PBXBuildFile; fileRef = 592699A024840F64000AE68F /* RateSelectorCoordinator.swift */; };
		59539BE524AB8C4000D7C3CC /* IAPClient.swift in Sources */ = {isa = PBXBuildFile; fileRef = 59539BE424AB8C4000D7C3CC /* IAPClient.swift */; };
		595B7F95247965E3003FAB76 /* Array+Extensions.swift in Sources */ = {isa = PBXBuildFile; fileRef = 595B7F94247965E3003FAB76 /* Array+Extensions.swift */; };
		5969A9202D5E27BE00F69CC8 /* RevenueCat in Frameworks */ = {isa = PBXBuildFile; productRef = 5969A91F2D5E27BE00F69CC8 /* RevenueCat */; };
		5969A9222D5E27BE00F69CC8 /* RevenueCatUI in Frameworks */ = {isa = PBXBuildFile; productRef = 5969A9212D5E27BE00F69CC8 /* RevenueCatUI */; };
		596E341D24BEEA5100F715C7 /* TVServices.framework in Frameworks */ = {isa = PBXBuildFile; fileRef = 596E341C24BEEA5100F715C7 /* TVServices.framework */; };
		596E342024BEEA5100F715C7 /* ContentProvider.swift in Sources */ = {isa = PBXBuildFile; fileRef = 596E341F24BEEA5100F715C7 /* ContentProvider.swift */; };
		596E342424BEEA5100F715C7 /* TopShelf.appex in Embed App Extensions */ = {isa = PBXBuildFile; fileRef = 596E341B24BEEA5100F715C7 /* TopShelf.appex */; settings = {ATTRIBUTES = (RemoveHeadersOnCopy, ); }; };
		596E343A24BF059B00F715C7 /* 2.jpg in Resources */ = {isa = PBXBuildFile; fileRef = 596E343924BF059A00F715C7 /* 2.jpg */; };
		596E344024BF07D200F715C7 /* 1.jpg in Resources */ = {isa = PBXBuildFile; fileRef = 596E343F24BF07D200F715C7 /* 1.jpg */; };
		596E344224BF085000F715C7 /* 3.jpg in Resources */ = {isa = PBXBuildFile; fileRef = 596E344124BF085000F715C7 /* 3.jpg */; };
		599ABBF22D64AC5F00BBF6F7 /* Paywalls.storyboard in Resources */ = {isa = PBXBuildFile; fileRef = 599ABBF12D64AC5F00BBF6F7 /* Paywalls.storyboard */; };
		599ABBF52D64C08400BBF6F7 /* UnlimitedPaywallViewController.swift in Sources */ = {isa = PBXBuildFile; fileRef = 599ABBF42D64C08400BBF6F7 /* UnlimitedPaywallViewController.swift */; };
		59A8D2072481380D00766294 /* CurrencyViewController+DataSource.swift in Sources */ = {isa = PBXBuildFile; fileRef = 59A8D2062481380D00766294 /* CurrencyViewController+DataSource.swift */; };
		59A8D2092481385800766294 /* CurrencyViewController+Delegate.swift in Sources */ = {isa = PBXBuildFile; fileRef = 59A8D2082481385800766294 /* CurrencyViewController+Delegate.swift */; };
		59A8D20B24813B3B00766294 /* CurrencyViewController+UITextFieldDelegate.swift in Sources */ = {isa = PBXBuildFile; fileRef = 59A8D20A24813B3B00766294 /* CurrencyViewController+UITextFieldDelegate.swift */; };
		59A8D20D24813BDD00766294 /* MainViewController+TableViewDataSource.swift in Sources */ = {isa = PBXBuildFile; fileRef = 59A8D20C24813BDD00766294 /* MainViewController+TableViewDataSource.swift */; };
		59A8D20F248158EF00766294 /* Presenter.swift in Sources */ = {isa = PBXBuildFile; fileRef = 59A8D20E248158EF00766294 /* Presenter.swift */; };
		59A8D2122482CAED00766294 /* CollectionViewController.swift in Sources */ = {isa = PBXBuildFile; fileRef = 59A8D2112482CAED00766294 /* CollectionViewController.swift */; };
		59A8D2142482D78000766294 /* RateViewCell.swift in Sources */ = {isa = PBXBuildFile; fileRef = 59A8D2132482D78000766294 /* RateViewCell.swift */; };
		59AB88142467F8FB00765B46 /* Constants.swift in Sources */ = {isa = PBXBuildFile; fileRef = 59AB88132467F8FB00765B46 /* Constants.swift */; };
		59AB88162468039200765B46 /* CurrencyViewController.swift in Sources */ = {isa = PBXBuildFile; fileRef = 59AB88152468039200765B46 /* CurrencyViewController.swift */; };
		59AB88182468057300765B46 /* CollectionViewCell.swift in Sources */ = {isa = PBXBuildFile; fileRef = 59AB88172468057300765B46 /* CollectionViewCell.swift */; };
		59AB881A24681A1600765B46 /* CustomCurrency.swift in Sources */ = {isa = PBXBuildFile; fileRef = 59AB881924681A1600765B46 /* CustomCurrency.swift */; };
		59AD8E2C24694293006D5756 /* JSVStoryboarded.swift in Sources */ = {isa = PBXBuildFile; fileRef = 59AD8E2B24694293006D5756 /* JSVStoryboarded.swift */; };
		59AD8E2F24694C40006D5756 /* Coordinator.swift in Sources */ = {isa = PBXBuildFile; fileRef = 59AD8E2E24694C40006D5756 /* Coordinator.swift */; };
		59AD8E31246950D6006D5756 /* MainScreenCoordinator.swift in Sources */ = {isa = PBXBuildFile; fileRef = 59AD8E30246950D6006D5756 /* MainScreenCoordinator.swift */; };
		59AD8E33246952AD006D5756 /* CurrencyCoordinator.swift in Sources */ = {isa = PBXBuildFile; fileRef = 59AD8E32246952AD006D5756 /* CurrencyCoordinator.swift */; };
		59AD8E3E24697A7B006D5756 /* CurrencyTableViewCell.swift in Sources */ = {isa = PBXBuildFile; fileRef = 59AD8E3D24697A7B006D5756 /* CurrencyTableViewCell.swift */; };
		59BAEB912D6A39BD0038D5B1 /* StoreKitTestCertificate.cer in Resources */ = {isa = PBXBuildFile; fileRef = 59BAEB902D6A39BD0038D5B1 /* StoreKitTestCertificate.cer */; };
		59BD5FBF2D6729BD0084E066 /* UnlimitedPaywallViewModel.swift in Sources */ = {isa = PBXBuildFile; fileRef = 59BD5FBE2D6729BD0084E066 /* UnlimitedPaywallViewModel.swift */; };
		59BD5FC12D6731C50084E066 /* UnlimitedPaywallInteractor.swift in Sources */ = {isa = PBXBuildFile; fileRef = 59BD5FC02D6731C50084E066 /* UnlimitedPaywallInteractor.swift */; };
		59BD5FC62D6763A40084E066 /* PaywallCoordinator.swift in Sources */ = {isa = PBXBuildFile; fileRef = 59BD5FC52D6763A40084E066 /* PaywallCoordinator.swift */; };
		59C57BBF298B15670076F802 /* Alamofire in Frameworks */ = {isa = PBXBuildFile; productRef = 59C57BBE298B15670076F802 /* Alamofire */; };
		59C57BC2298B16920076F802 /* Charts in Frameworks */ = {isa = PBXBuildFile; productRef = 59C57BC1298B16920076F802 /* Charts */; };
		59D83B27246A7426005FB817 /* Database.swift in Sources */ = {isa = PBXBuildFile; fileRef = 59D83B26246A7426005FB817 /* Database.swift */; };
		59EBC6DD298BB937005AFFA6 /* StoreKit.framework in Frameworks */ = {isa = PBXBuildFile; fileRef = 59EBC6DC298BB937005AFFA6 /* StoreKit.framework */; };
		59ECCF4D24AD0E70008FE0F1 /* UserDefaults+extensions.swift in Sources */ = {isa = PBXBuildFile; fileRef = 59ECCF4C24AD0E70008FE0F1 /* UserDefaults+extensions.swift */; };
		59FA9B072467EF1A00635AD1 /* AppDelegate.swift in Sources */ = {isa = PBXBuildFile; fileRef = 59FA9B062467EF1A00635AD1 /* AppDelegate.swift */; };
		59FA9B092467EF1A00635AD1 /* MainViewController.swift in Sources */ = {isa = PBXBuildFile; fileRef = 59FA9B082467EF1A00635AD1 /* MainViewController.swift */; };
		59FA9B0C2467EF1A00635AD1 /* Main.storyboard in Resources */ = {isa = PBXBuildFile; fileRef = 59FA9B0A2467EF1A00635AD1 /* Main.storyboard */; };
		59FA9B0F2467EF1A00635AD1 /* CryptoPrice.xcdatamodeld in Sources */ = {isa = PBXBuildFile; fileRef = 59FA9B0D2467EF1A00635AD1 /* CryptoPrice.xcdatamodeld */; };
		59FA9B112467EF1B00635AD1 /* Assets.xcassets in Resources */ = {isa = PBXBuildFile; fileRef = 59FA9B102467EF1B00635AD1 /* Assets.xcassets */; };
		59FA9B142467EF1B00635AD1 /* LaunchScreen.storyboard in Resources */ = {isa = PBXBuildFile; fileRef = 59FA9B122467EF1B00635AD1 /* LaunchScreen.storyboard */; };
		59FA9B1F2467EF1B00635AD1 /* CryptoPriceTests.swift in Sources */ = {isa = PBXBuildFile; fileRef = 59FA9B1E2467EF1B00635AD1 /* CryptoPriceTests.swift */; };
		59FA9B2A2467EF1B00635AD1 /* CryptoPriceUITests.swift in Sources */ = {isa = PBXBuildFile; fileRef = 59FA9B292467EF1B00635AD1 /* CryptoPriceUITests.swift */; };
/* End PBXBuildFile section */

/* Begin PBXContainerItemProxy section */
		596E342224BEEA5100F715C7 /* PBXContainerItemProxy */ = {
			isa = PBXContainerItemProxy;
			containerPortal = 59FA9AFB2467EF1A00635AD1 /* Project object */;
			proxyType = 1;
			remoteGlobalIDString = 596E341A24BEEA5100F715C7;
			remoteInfo = TopShelf;
		};
		59FA9B1B2467EF1B00635AD1 /* PBXContainerItemProxy */ = {
			isa = PBXContainerItemProxy;
			containerPortal = 59FA9AFB2467EF1A00635AD1 /* Project object */;
			proxyType = 1;
			remoteGlobalIDString = 59FA9B022467EF1A00635AD1;
			remoteInfo = CryptoPrice;
		};
		59FA9B262467EF1B00635AD1 /* PBXContainerItemProxy */ = {
			isa = PBXContainerItemProxy;
			containerPortal = 59FA9AFB2467EF1A00635AD1 /* Project object */;
			proxyType = 1;
			remoteGlobalIDString = 59FA9B022467EF1A00635AD1;
			remoteInfo = CryptoPrice;
		};
/* End PBXContainerItemProxy section */

/* Begin PBXCopyFilesBuildPhase section */
		596E342524BEEA5100F715C7 /* Embed App Extensions */ = {
			isa = PBXCopyFilesBuildPhase;
			buildActionMask = 2147483647;
			dstPath = "";
			dstSubfolderSpec = 13;
			files = (
				596E342424BEEA5100F715C7 /* TopShelf.appex in Embed App Extensions */,
			);
			name = "Embed App Extensions";
			runOnlyForDeploymentPostprocessing = 0;
		};
/* End PBXCopyFilesBuildPhase section */

/* Begin PBXFileReference section */
		592135B8247929A5009A24A9 /* Urls.swift */ = {isa = PBXFileReference; lastKnownFileType = sourcecode.swift; path = Urls.swift; sourceTree = "<group>"; };
		592135BB2479364C009A24A9 /* ResponseStructures.swift */ = {isa = PBXFileReference; lastKnownFileType = sourcecode.swift; path = ResponseStructures.swift; sourceTree = "<group>"; };
		592699A024840F64000AE68F /* RateSelectorCoordinator.swift */ = {isa = PBXFileReference; lastKnownFileType = sourcecode.swift; path = RateSelectorCoordinator.swift; sourceTree = "<group>"; };
		59539BE424AB8C4000D7C3CC /* IAPClient.swift */ = {isa = PBXFileReference; lastKnownFileType = sourcecode.swift; path = IAPClient.swift; sourceTree = "<group>"; };
		595B7F94247965E3003FAB76 /* Array+Extensions.swift */ = {isa = PBXFileReference; lastKnownFileType = sourcecode.swift; path = "Array+Extensions.swift"; sourceTree = "<group>"; };
		596E341B24BEEA5100F715C7 /* TopShelf.appex */ = {isa = PBXFileReference; explicitFileType = "wrapper.app-extension"; includeInIndex = 0; path = TopShelf.appex; sourceTree = BUILT_PRODUCTS_DIR; };
		596E341C24BEEA5100F715C7 /* TVServices.framework */ = {isa = PBXFileReference; lastKnownFileType = wrapper.framework; name = TVServices.framework; path = System/Library/Frameworks/TVServices.framework; sourceTree = SDKROOT; };
		596E341F24BEEA5100F715C7 /* ContentProvider.swift */ = {isa = PBXFileReference; lastKnownFileType = sourcecode.swift; path = ContentProvider.swift; sourceTree = "<group>"; };
		596E342124BEEA5100F715C7 /* Info.plist */ = {isa = PBXFileReference; lastKnownFileType = text.plist.xml; path = Info.plist; sourceTree = "<group>"; };
		596E343924BF059A00F715C7 /* 2.jpg */ = {isa = PBXFileReference; lastKnownFileType = image.jpeg; path = 2.jpg; sourceTree = "<group>"; };
		596E343F24BF07D200F715C7 /* 1.jpg */ = {isa = PBXFileReference; lastKnownFileType = image.jpeg; path = 1.jpg; sourceTree = "<group>"; };
		596E344124BF085000F715C7 /* 3.jpg */ = {isa = PBXFileReference; lastKnownFileType = image.jpeg; path = 3.jpg; sourceTree = "<group>"; };
		599ABBF12D64AC5F00BBF6F7 /* Paywalls.storyboard */ = {isa = PBXFileReference; lastKnownFileType = file.storyboard; path = Paywalls.storyboard; sourceTree = "<group>"; };
		599ABBF42D64C08400BBF6F7 /* UnlimitedPaywallViewController.swift */ = {isa = PBXFileReference; lastKnownFileType = sourcecode.swift; path = UnlimitedPaywallViewController.swift; sourceTree = "<group>"; };
		59A8D2062481380D00766294 /* CurrencyViewController+DataSource.swift */ = {isa = PBXFileReference; lastKnownFileType = sourcecode.swift; path = "CurrencyViewController+DataSource.swift"; sourceTree = "<group>"; };
		59A8D2082481385800766294 /* CurrencyViewController+Delegate.swift */ = {isa = PBXFileReference; lastKnownFileType = sourcecode.swift; path = "CurrencyViewController+Delegate.swift"; sourceTree = "<group>"; };
		59A8D20A24813B3B00766294 /* CurrencyViewController+UITextFieldDelegate.swift */ = {isa = PBXFileReference; lastKnownFileType = sourcecode.swift; path = "CurrencyViewController+UITextFieldDelegate.swift"; sourceTree = "<group>"; };
		59A8D20C24813BDD00766294 /* MainViewController+TableViewDataSource.swift */ = {isa = PBXFileReference; lastKnownFileType = sourcecode.swift; path = "MainViewController+TableViewDataSource.swift"; sourceTree = "<group>"; };
		59A8D20E248158EF00766294 /* Presenter.swift */ = {isa = PBXFileReference; lastKnownFileType = sourcecode.swift; path = Presenter.swift; sourceTree = "<group>"; };
		59A8D2112482CAED00766294 /* CollectionViewController.swift */ = {isa = PBXFileReference; lastKnownFileType = sourcecode.swift; path = CollectionViewController.swift; sourceTree = "<group>"; };
		59A8D2132482D78000766294 /* RateViewCell.swift */ = {isa = PBXFileReference; lastKnownFileType = sourcecode.swift; path = RateViewCell.swift; sourceTree = "<group>"; };
		59AB88132467F8FB00765B46 /* Constants.swift */ = {isa = PBXFileReference; lastKnownFileType = sourcecode.swift; path = Constants.swift; sourceTree = "<group>"; };
		59AB88152468039200765B46 /* CurrencyViewController.swift */ = {isa = PBXFileReference; lastKnownFileType = sourcecode.swift; path = CurrencyViewController.swift; sourceTree = "<group>"; };
		59AB88172468057300765B46 /* CollectionViewCell.swift */ = {isa = PBXFileReference; lastKnownFileType = sourcecode.swift; path = CollectionViewCell.swift; sourceTree = "<group>"; };
		59AB881924681A1600765B46 /* CustomCurrency.swift */ = {isa = PBXFileReference; lastKnownFileType = sourcecode.swift; path = CustomCurrency.swift; sourceTree = "<group>"; };
		59AD8E2B24694293006D5756 /* JSVStoryboarded.swift */ = {isa = PBXFileReference; lastKnownFileType = sourcecode.swift; path = JSVStoryboarded.swift; sourceTree = "<group>"; };
		59AD8E2E24694C40006D5756 /* Coordinator.swift */ = {isa = PBXFileReference; lastKnownFileType = sourcecode.swift; path = Coordinator.swift; sourceTree = "<group>"; };
		59AD8E30246950D6006D5756 /* MainScreenCoordinator.swift */ = {isa = PBXFileReference; lastKnownFileType = sourcecode.swift; path = MainScreenCoordinator.swift; sourceTree = "<group>"; };
		59AD8E32246952AD006D5756 /* CurrencyCoordinator.swift */ = {isa = PBXFileReference; lastKnownFileType = sourcecode.swift; path = CurrencyCoordinator.swift; sourceTree = "<group>"; };
		59AD8E3D24697A7B006D5756 /* CurrencyTableViewCell.swift */ = {isa = PBXFileReference; lastKnownFileType = sourcecode.swift; path = CurrencyTableViewCell.swift; sourceTree = "<group>"; };
		59BAEB902D6A39BD0038D5B1 /* StoreKitTestCertificate.cer */ = {isa = PBXFileReference; lastKnownFileType = file; path = StoreKitTestCertificate.cer; sourceTree = "<group>"; };
		59BD5FBE2D6729BD0084E066 /* UnlimitedPaywallViewModel.swift */ = {isa = PBXFileReference; lastKnownFileType = sourcecode.swift; path = UnlimitedPaywallViewModel.swift; sourceTree = "<group>"; };
		59BD5FC02D6731C50084E066 /* UnlimitedPaywallInteractor.swift */ = {isa = PBXFileReference; lastKnownFileType = sourcecode.swift; path = UnlimitedPaywallInteractor.swift; sourceTree = "<group>"; };
		59BD5FC22D6745C10084E066 /* Configuration.storekit */ = {isa = PBXFileReference; lastKnownFileType = text; path = Configuration.storekit; sourceTree = "<group>"; };
		59BD5FC52D6763A40084E066 /* PaywallCoordinator.swift */ = {isa = PBXFileReference; lastKnownFileType = sourcecode.swift; path = PaywallCoordinator.swift; sourceTree = "<group>"; };
		59D83B26246A7426005FB817 /* Database.swift */ = {isa = PBXFileReference; lastKnownFileType = sourcecode.swift; path = Database.swift; sourceTree = "<group>"; };
		59EBC6DC298BB937005AFFA6 /* StoreKit.framework */ = {isa = PBXFileReference; lastKnownFileType = wrapper.framework; name = StoreKit.framework; path = System/Library/Frameworks/StoreKit.framework; sourceTree = SDKROOT; };
		59ECCF4C24AD0E70008FE0F1 /* UserDefaults+extensions.swift */ = {isa = PBXFileReference; lastKnownFileType = sourcecode.swift; path = "UserDefaults+extensions.swift"; sourceTree = "<group>"; };
		59FA9B032467EF1A00635AD1 /* CryptoPrice.app */ = {isa = PBXFileReference; explicitFileType = wrapper.application; includeInIndex = 0; path = CryptoPrice.app; sourceTree = BUILT_PRODUCTS_DIR; };
		59FA9B062467EF1A00635AD1 /* AppDelegate.swift */ = {isa = PBXFileReference; lastKnownFileType = sourcecode.swift; path = AppDelegate.swift; sourceTree = "<group>"; };
		59FA9B082467EF1A00635AD1 /* MainViewController.swift */ = {isa = PBXFileReference; lastKnownFileType = sourcecode.swift; path = MainViewController.swift; sourceTree = "<group>"; };
		59FA9B0B2467EF1A00635AD1 /* Base */ = {isa = PBXFileReference; lastKnownFileType = file.storyboard; name = Base; path = Base.lproj/Main.storyboard; sourceTree = "<group>"; };
		59FA9B0E2467EF1A00635AD1 /* CryptoPrice.xcdatamodel */ = {isa = PBXFileReference; lastKnownFileType = wrapper.xcdatamodel; path = CryptoPrice.xcdatamodel; sourceTree = "<group>"; };
		59FA9B102467EF1B00635AD1 /* Assets.xcassets */ = {isa = PBXFileReference; lastKnownFileType = folder.assetcatalog; path = Assets.xcassets; sourceTree = "<group>"; };
		59FA9B132467EF1B00635AD1 /* Base */ = {isa = PBXFileReference; lastKnownFileType = file.storyboard; name = Base; path = Base.lproj/LaunchScreen.storyboard; sourceTree = "<group>"; };
		59FA9B152467EF1B00635AD1 /* Info.plist */ = {isa = PBXFileReference; lastKnownFileType = text.plist.xml; path = Info.plist; sourceTree = "<group>"; };
		59FA9B1A2467EF1B00635AD1 /* CryptoPriceTests.xctest */ = {isa = PBXFileReference; explicitFileType = wrapper.cfbundle; includeInIndex = 0; path = CryptoPriceTests.xctest; sourceTree = BUILT_PRODUCTS_DIR; };
		59FA9B1E2467EF1B00635AD1 /* CryptoPriceTests.swift */ = {isa = PBXFileReference; lastKnownFileType = sourcecode.swift; path = CryptoPriceTests.swift; sourceTree = "<group>"; };
		59FA9B202467EF1B00635AD1 /* Info.plist */ = {isa = PBXFileReference; lastKnownFileType = text.plist.xml; path = Info.plist; sourceTree = "<group>"; };
		59FA9B252467EF1B00635AD1 /* CryptoPriceUITests.xctest */ = {isa = PBXFileReference; explicitFileType = wrapper.cfbundle; includeInIndex = 0; path = CryptoPriceUITests.xctest; sourceTree = BUILT_PRODUCTS_DIR; };
		59FA9B292467EF1B00635AD1 /* CryptoPriceUITests.swift */ = {isa = PBXFileReference; lastKnownFileType = sourcecode.swift; path = CryptoPriceUITests.swift; sourceTree = "<group>"; };
		59FA9B2B2467EF1B00635AD1 /* Info.plist */ = {isa = PBXFileReference; lastKnownFileType = text.plist.xml; path = Info.plist; sourceTree = "<group>"; };
/* End PBXFileReference section */

/* Begin PBXFrameworksBuildPhase section */
		596E341824BEEA5100F715C7 /* Frameworks */ = {
			isa = PBXFrameworksBuildPhase;
			buildActionMask = 2147483647;
			files = (
				596E341D24BEEA5100F715C7 /* TVServices.framework in Frameworks */,
			);
			runOnlyForDeploymentPostprocessing = 0;
		};
		59FA9B002467EF1A00635AD1 /* Frameworks */ = {
			isa = PBXFrameworksBuildPhase;
			buildActionMask = 2147483647;
			files = (
				5969A9202D5E27BE00F69CC8 /* RevenueCat in Frameworks */,
				59EBC6DD298BB937005AFFA6 /* StoreKit.framework in Frameworks */,
				59C57BC2298B16920076F802 /* Charts in Frameworks */,
				5969A9222D5E27BE00F69CC8 /* RevenueCatUI in Frameworks */,
				59C57BBF298B15670076F802 /* Alamofire in Frameworks */,
			);
			runOnlyForDeploymentPostprocessing = 0;
		};
		59FA9B172467EF1B00635AD1 /* Frameworks */ = {
			isa = PBXFrameworksBuildPhase;
			buildActionMask = 2147483647;
			files = (
			);
			runOnlyForDeploymentPostprocessing = 0;
		};
		59FA9B222467EF1B00635AD1 /* Frameworks */ = {
			isa = PBXFrameworksBuildPhase;
			buildActionMask = 2147483647;
			files = (
			);
			runOnlyForDeploymentPostprocessing = 0;
		};
/* End PBXFrameworksBuildPhase section */

/* Begin PBXGroup section */
		592135BA24792D45009A24A9 /* Resources */ = {
			isa = PBXGroup;
			children = (
				59FA9B0A2467EF1A00635AD1 /* Main.storyboard */,
				599ABBF12D64AC5F00BBF6F7 /* Paywalls.storyboard */,
				59FA9B122467EF1B00635AD1 /* LaunchScreen.storyboard */,
				59FA9B102467EF1B00635AD1 /* Assets.xcassets */,
				59FA9B0D2467EF1A00635AD1 /* CryptoPrice.xcdatamodeld */,
				59BD5FC22D6745C10084E066 /* Configuration.storekit */,
				59BAEB902D6A39BD0038D5B1 /* StoreKitTestCertificate.cer */,
			);
			path = Resources;
			sourceTree = "<group>";
		};
		592135BD247941E4009A24A9 /* CurrencySelection */ = {
			isa = PBXGroup;
			children = (
				59AB88152468039200765B46 /* CurrencyViewController.swift */,
				59A8D2062481380D00766294 /* CurrencyViewController+DataSource.swift */,
				59A8D2082481385800766294 /* CurrencyViewController+Delegate.swift */,
				59A8D20A24813B3B00766294 /* CurrencyViewController+UITextFieldDelegate.swift */,
				59AB88172468057300765B46 /* CollectionViewCell.swift */,
			);
			path = CurrencySelection;
			sourceTree = "<group>";
		};
		596E341E24BEEA5100F715C7 /* TopShelf */ = {
			isa = PBXGroup;
			children = (
				596E343F24BF07D200F715C7 /* 1.jpg */,
				596E343924BF059A00F715C7 /* 2.jpg */,
				596E344124BF085000F715C7 /* 3.jpg */,
				596E341F24BEEA5100F715C7 /* ContentProvider.swift */,
				596E342124BEEA5100F715C7 /* Info.plist */,
			);
			path = TopShelf;
			sourceTree = "<group>";
		};
		599ABBF32D64BFCB00BBF6F7 /* Paywall */ = {
			isa = PBXGroup;
			children = (
				599ABBF42D64C08400BBF6F7 /* UnlimitedPaywallViewController.swift */,
				59BD5FBE2D6729BD0084E066 /* UnlimitedPaywallViewModel.swift */,
				59BD5FC02D6731C50084E066 /* UnlimitedPaywallInteractor.swift */,
			);
			path = Paywall;
			sourceTree = "<group>";
		};
		59A8D2102482CA8400766294 /* RateSelector */ = {
			isa = PBXGroup;
			children = (
				59A8D2112482CAED00766294 /* CollectionViewController.swift */,
				59A8D2132482D78000766294 /* RateViewCell.swift */,
			);
			path = RateSelector;
			sourceTree = "<group>";
		};
		59AD8E2D2469430A006D5756 /* Coordinators */ = {
			isa = PBXGroup;
			children = (
				59AD8E2E24694C40006D5756 /* Coordinator.swift */,
				59AD8E30246950D6006D5756 /* MainScreenCoordinator.swift */,
				59AD8E32246952AD006D5756 /* CurrencyCoordinator.swift */,
				592699A024840F64000AE68F /* RateSelectorCoordinator.swift */,
				59BD5FC52D6763A40084E066 /* PaywallCoordinator.swift */,
			);
			path = Coordinators;
			sourceTree = "<group>";
		};
		59AD8E3A246975DE006D5756 /* Main */ = {
			isa = PBXGroup;
			children = (
				59FA9B082467EF1A00635AD1 /* MainViewController.swift */,
				59A8D20C24813BDD00766294 /* MainViewController+TableViewDataSource.swift */,
				59AD8E3D24697A7B006D5756 /* CurrencyTableViewCell.swift */,
				59A8D20E248158EF00766294 /* Presenter.swift */,
			);
			path = Main;
			sourceTree = "<group>";
		};
		59B973052479187000CAE33B /* Database */ = {
			isa = PBXGroup;
			children = (
				59D83B26246A7426005FB817 /* Database.swift */,
				592135B8247929A5009A24A9 /* Urls.swift */,
				592135BB2479364C009A24A9 /* ResponseStructures.swift */,
			);
			path = Database;
			sourceTree = "<group>";
		};
		59FA9AFA2467EF1A00635AD1 = {
			isa = PBXGroup;
			children = (
				59FA9B052467EF1A00635AD1 /* CryptoPrice */,
				59FA9B1D2467EF1B00635AD1 /* CryptoPriceTests */,
				59FA9B282467EF1B00635AD1 /* CryptoPriceUITests */,
				596E341E24BEEA5100F715C7 /* TopShelf */,
				59FA9B042467EF1A00635AD1 /* Products */,
				C01748300CECD9D9CEDF7804 /* Frameworks */,
			);
			sourceTree = "<group>";
		};
		59FA9B042467EF1A00635AD1 /* Products */ = {
			isa = PBXGroup;
			children = (
				59FA9B032467EF1A00635AD1 /* CryptoPrice.app */,
				59FA9B1A2467EF1B00635AD1 /* CryptoPriceTests.xctest */,
				59FA9B252467EF1B00635AD1 /* CryptoPriceUITests.xctest */,
				596E341B24BEEA5100F715C7 /* TopShelf.appex */,
			);
			name = Products;
			sourceTree = "<group>";
		};
		59FA9B052467EF1A00635AD1 /* CryptoPrice */ = {
			isa = PBXGroup;
			children = (
				599ABBF32D64BFCB00BBF6F7 /* Paywall */,
				59A8D2102482CA8400766294 /* RateSelector */,
				592135BD247941E4009A24A9 /* CurrencySelection */,
				59B973052479187000CAE33B /* Database */,
				59AD8E3A246975DE006D5756 /* Main */,
				59AD8E2D2469430A006D5756 /* Coordinators */,
				59AB88132467F8FB00765B46 /* Constants.swift */,
				59AD8E2B24694293006D5756 /* JSVStoryboarded.swift */,
				59FA9B062467EF1A00635AD1 /* AppDelegate.swift */,
				59AB881924681A1600765B46 /* CustomCurrency.swift */,
				59539BE424AB8C4000D7C3CC /* IAPClient.swift */,
				595B7F94247965E3003FAB76 /* Array+Extensions.swift */,
				59ECCF4C24AD0E70008FE0F1 /* UserDefaults+extensions.swift */,
				59FA9B152467EF1B00635AD1 /* Info.plist */,
				592135BA24792D45009A24A9 /* Resources */,
			);
			path = CryptoPrice;
			sourceTree = "<group>";
		};
		59FA9B1D2467EF1B00635AD1 /* CryptoPriceTests */ = {
			isa = PBXGroup;
			children = (
				59FA9B1E2467EF1B00635AD1 /* CryptoPriceTests.swift */,
				59FA9B202467EF1B00635AD1 /* Info.plist */,
			);
			path = CryptoPriceTests;
			sourceTree = "<group>";
		};
		59FA9B282467EF1B00635AD1 /* CryptoPriceUITests */ = {
			isa = PBXGroup;
			children = (
				59FA9B292467EF1B00635AD1 /* CryptoPriceUITests.swift */,
				59FA9B2B2467EF1B00635AD1 /* Info.plist */,
			);
			path = CryptoPriceUITests;
			sourceTree = "<group>";
		};
		C01748300CECD9D9CEDF7804 /* Frameworks */ = {
			isa = PBXGroup;
			children = (
				59EBC6DC298BB937005AFFA6 /* StoreKit.framework */,
				596E341C24BEEA5100F715C7 /* TVServices.framework */,
			);
			name = Frameworks;
			sourceTree = "<group>";
		};
/* End PBXGroup section */

/* Begin PBXNativeTarget section */
		596E341A24BEEA5100F715C7 /* TopShelf */ = {
			isa = PBXNativeTarget;
			buildConfigurationList = 596E342824BEEA5100F715C7 /* Build configuration list for PBXNativeTarget "TopShelf" */;
			buildPhases = (
				596E341724BEEA5100F715C7 /* Sources */,
				596E341824BEEA5100F715C7 /* Frameworks */,
				596E341924BEEA5100F715C7 /* Resources */,
			);
			buildRules = (
			);
			dependencies = (
			);
			name = TopShelf;
			productName = TopShelf;
			productReference = 596E341B24BEEA5100F715C7 /* TopShelf.appex */;
			productType = "com.apple.product-type.app-extension";
		};
		59FA9B022467EF1A00635AD1 /* CryptoPrice */ = {
			isa = PBXNativeTarget;
			buildConfigurationList = 59FA9B2E2467EF1B00635AD1 /* Build configuration list for PBXNativeTarget "CryptoPrice" */;
			buildPhases = (
				59FA9AFF2467EF1A00635AD1 /* Sources */,
				59FA9B002467EF1A00635AD1 /* Frameworks */,
				59FA9B012467EF1A00635AD1 /* Resources */,
				596E342524BEEA5100F715C7 /* Embed App Extensions */,
			);
			buildRules = (
			);
			dependencies = (
				596E342324BEEA5100F715C7 /* PBXTargetDependency */,
			);
			name = CryptoPrice;
			packageProductDependencies = (
				59C57BBE298B15670076F802 /* Alamofire */,
				59C57BC1298B16920076F802 /* Charts */,
				5969A91F2D5E27BE00F69CC8 /* RevenueCat */,
				5969A9212D5E27BE00F69CC8 /* RevenueCatUI */,
			);
			productName = CryptoPrice;
			productReference = 59FA9B032467EF1A00635AD1 /* CryptoPrice.app */;
			productType = "com.apple.product-type.application";
		};
		59FA9B192467EF1B00635AD1 /* CryptoPriceTests */ = {
			isa = PBXNativeTarget;
			buildConfigurationList = 59FA9B312467EF1B00635AD1 /* Build configuration list for PBXNativeTarget "CryptoPriceTests" */;
			buildPhases = (
				59FA9B162467EF1B00635AD1 /* Sources */,
				59FA9B172467EF1B00635AD1 /* Frameworks */,
				59FA9B182467EF1B00635AD1 /* Resources */,
			);
			buildRules = (
			);
			dependencies = (
				59FA9B1C2467EF1B00635AD1 /* PBXTargetDependency */,
			);
			name = CryptoPriceTests;
			productName = CryptoPriceTests;
			productReference = 59FA9B1A2467EF1B00635AD1 /* CryptoPriceTests.xctest */;
			productType = "com.apple.product-type.bundle.unit-test";
		};
		59FA9B242467EF1B00635AD1 /* CryptoPriceUITests */ = {
			isa = PBXNativeTarget;
			buildConfigurationList = 59FA9B342467EF1B00635AD1 /* Build configuration list for PBXNativeTarget "CryptoPriceUITests" */;
			buildPhases = (
				59FA9B212467EF1B00635AD1 /* Sources */,
				59FA9B222467EF1B00635AD1 /* Frameworks */,
				59FA9B232467EF1B00635AD1 /* Resources */,
			);
			buildRules = (
			);
			dependencies = (
				59FA9B272467EF1B00635AD1 /* PBXTargetDependency */,
			);
			name = CryptoPriceUITests;
			productName = CryptoPriceUITests;
			productReference = 59FA9B252467EF1B00635AD1 /* CryptoPriceUITests.xctest */;
			productType = "com.apple.product-type.bundle.ui-testing";
		};
/* End PBXNativeTarget section */

/* Begin PBXProject section */
		59FA9AFB2467EF1A00635AD1 /* Project object */ = {
			isa = PBXProject;
			attributes = {
				LastSwiftUpdateCheck = 1150;
				LastUpgradeCheck = 1120;
				ORGANIZATIONNAME = "Jan Svensson";
				TargetAttributes = {
					596E341A24BEEA5100F715C7 = {
						CreatedOnToolsVersion = 11.5;
					};
					59FA9B022467EF1A00635AD1 = {
						CreatedOnToolsVersion = 11.2.1;
					};
					59FA9B192467EF1B00635AD1 = {
						CreatedOnToolsVersion = 11.2.1;
						TestTargetID = 59FA9B022467EF1A00635AD1;
					};
					59FA9B242467EF1B00635AD1 = {
						CreatedOnToolsVersion = 11.2.1;
						TestTargetID = 59FA9B022467EF1A00635AD1;
					};
				};
			};
			buildConfigurationList = 59FA9AFE2467EF1A00635AD1 /* Build configuration list for PBXProject "CryptoPrice" */;
			compatibilityVersion = "Xcode 9.3";
			developmentRegion = en;
			hasScannedForEncodings = 0;
			knownRegions = (
				en,
				Base,
			);
			mainGroup = 59FA9AFA2467EF1A00635AD1;
			packageReferences = (
				59C57BBD298B15670076F802 /* XCRemoteSwiftPackageReference "Alamofire" */,
				59C57BC0298B16920076F802 /* XCRemoteSwiftPackageReference "Charts" */,
				5969A91E2D5E27BE00F69CC8 /* XCRemoteSwiftPackageReference "purchases-ios-spm" */,
			);
			productRefGroup = 59FA9B042467EF1A00635AD1 /* Products */;
			projectDirPath = "";
			projectRoot = "";
			targets = (
				59FA9B022467EF1A00635AD1 /* CryptoPrice */,
				59FA9B192467EF1B00635AD1 /* CryptoPriceTests */,
				59FA9B242467EF1B00635AD1 /* CryptoPriceUITests */,
				596E341A24BEEA5100F715C7 /* TopShelf */,
			);
		};
/* End PBXProject section */

/* Begin PBXResourcesBuildPhase section */
		596E341924BEEA5100F715C7 /* Resources */ = {
			isa = PBXResourcesBuildPhase;
			buildActionMask = 2147483647;
			files = (
				596E344224BF085000F715C7 /* 3.jpg in Resources */,
				596E344024BF07D200F715C7 /* 1.jpg in Resources */,
				596E343A24BF059B00F715C7 /* 2.jpg in Resources */,
			);
			runOnlyForDeploymentPostprocessing = 0;
		};
		59FA9B012467EF1A00635AD1 /* Resources */ = {
			isa = PBXResourcesBuildPhase;
			buildActionMask = 2147483647;
			files = (
				59FA9B142467EF1B00635AD1 /* LaunchScreen.storyboard in Resources */,
				59FA9B112467EF1B00635AD1 /* Assets.xcassets in Resources */,
				59FA9B0C2467EF1A00635AD1 /* Main.storyboard in Resources */,
				599ABBF22D64AC5F00BBF6F7 /* Paywalls.storyboard in Resources */,
				59BAEB912D6A39BD0038D5B1 /* StoreKitTestCertificate.cer in Resources */,
			);
			runOnlyForDeploymentPostprocessing = 0;
		};
		59FA9B182467EF1B00635AD1 /* Resources */ = {
			isa = PBXResourcesBuildPhase;
			buildActionMask = 2147483647;
			files = (
			);
			runOnlyForDeploymentPostprocessing = 0;
		};
		59FA9B232467EF1B00635AD1 /* Resources */ = {
			isa = PBXResourcesBuildPhase;
			buildActionMask = 2147483647;
			files = (
			);
			runOnlyForDeploymentPostprocessing = 0;
		};
/* End PBXResourcesBuildPhase section */

/* Begin PBXSourcesBuildPhase section */
		596E341724BEEA5100F715C7 /* Sources */ = {
			isa = PBXSourcesBuildPhase;
			buildActionMask = 2147483647;
			files = (
				596E342024BEEA5100F715C7 /* ContentProvider.swift in Sources */,
			);
			runOnlyForDeploymentPostprocessing = 0;
		};
		59FA9AFF2467EF1A00635AD1 /* Sources */ = {
			isa = PBXSourcesBuildPhase;
			buildActionMask = 2147483647;
			files = (
				59FA9B092467EF1A00635AD1 /* MainViewController.swift in Sources */,
				592699A124840F64000AE68F /* RateSelectorCoordinator.swift in Sources */,
				59AD8E31246950D6006D5756 /* MainScreenCoordinator.swift in Sources */,
				59BD5FC12D6731C50084E066 /* UnlimitedPaywallInteractor.swift in Sources */,
				59AD8E33246952AD006D5756 /* CurrencyCoordinator.swift in Sources */,
				59FA9B0F2467EF1A00635AD1 /* CryptoPrice.xcdatamodeld in Sources */,
				59A8D20D24813BDD00766294 /* MainViewController+TableViewDataSource.swift in Sources */,
				59AB88182468057300765B46 /* CollectionViewCell.swift in Sources */,
				592135BC2479364C009A24A9 /* ResponseStructures.swift in Sources */,
				592135B9247929A5009A24A9 /* Urls.swift in Sources */,
				59AD8E3E24697A7B006D5756 /* CurrencyTableViewCell.swift in Sources */,
				59FA9B072467EF1A00635AD1 /* AppDelegate.swift in Sources */,
				59A8D2122482CAED00766294 /* CollectionViewController.swift in Sources */,
				59BD5FC62D6763A40084E066 /* PaywallCoordinator.swift in Sources */,
				59AB88142467F8FB00765B46 /* Constants.swift in Sources */,
				59AD8E2C24694293006D5756 /* JSVStoryboarded.swift in Sources */,
				599ABBF52D64C08400BBF6F7 /* UnlimitedPaywallViewController.swift in Sources */,
				59BD5FBF2D6729BD0084E066 /* UnlimitedPaywallViewModel.swift in Sources */,
				59ECCF4D24AD0E70008FE0F1 /* UserDefaults+extensions.swift in Sources */,
				59A8D2072481380D00766294 /* CurrencyViewController+DataSource.swift in Sources */,
				59A8D20B24813B3B00766294 /* CurrencyViewController+UITextFieldDelegate.swift in Sources */,
				595B7F95247965E3003FAB76 /* Array+Extensions.swift in Sources */,
				59A8D20F248158EF00766294 /* Presenter.swift in Sources */,
				59A8D2142482D78000766294 /* RateViewCell.swift in Sources */,
				59AB88162468039200765B46 /* CurrencyViewController.swift in Sources */,
				59AB881A24681A1600765B46 /* CustomCurrency.swift in Sources */,
				59D83B27246A7426005FB817 /* Database.swift in Sources */,
				59A8D2092481385800766294 /* CurrencyViewController+Delegate.swift in Sources */,
				59539BE524AB8C4000D7C3CC /* IAPClient.swift in Sources */,
				59AD8E2F24694C40006D5756 /* Coordinator.swift in Sources */,
			);
			runOnlyForDeploymentPostprocessing = 0;
		};
		59FA9B162467EF1B00635AD1 /* Sources */ = {
			isa = PBXSourcesBuildPhase;
			buildActionMask = 2147483647;
			files = (
				59FA9B1F2467EF1B00635AD1 /* CryptoPriceTests.swift in Sources */,
			);
			runOnlyForDeploymentPostprocessing = 0;
		};
		59FA9B212467EF1B00635AD1 /* Sources */ = {
			isa = PBXSourcesBuildPhase;
			buildActionMask = 2147483647;
			files = (
				59FA9B2A2467EF1B00635AD1 /* CryptoPriceUITests.swift in Sources */,
			);
			runOnlyForDeploymentPostprocessing = 0;
		};
/* End PBXSourcesBuildPhase section */

/* Begin PBXTargetDependency section */
		596E342324BEEA5100F715C7 /* PBXTargetDependency */ = {
			isa = PBXTargetDependency;
			target = 596E341A24BEEA5100F715C7 /* TopShelf */;
			targetProxy = 596E342224BEEA5100F715C7 /* PBXContainerItemProxy */;
		};
		59FA9B1C2467EF1B00635AD1 /* PBXTargetDependency */ = {
			isa = PBXTargetDependency;
			target = 59FA9B022467EF1A00635AD1 /* CryptoPrice */;
			targetProxy = 59FA9B1B2467EF1B00635AD1 /* PBXContainerItemProxy */;
		};
		59FA9B272467EF1B00635AD1 /* PBXTargetDependency */ = {
			isa = PBXTargetDependency;
			target = 59FA9B022467EF1A00635AD1 /* CryptoPrice */;
			targetProxy = 59FA9B262467EF1B00635AD1 /* PBXContainerItemProxy */;
		};
/* End PBXTargetDependency section */

/* Begin PBXVariantGroup section */
		59FA9B0A2467EF1A00635AD1 /* Main.storyboard */ = {
			isa = PBXVariantGroup;
			children = (
				59FA9B0B2467EF1A00635AD1 /* Base */,
			);
			name = Main.storyboard;
			sourceTree = "<group>";
		};
		59FA9B122467EF1B00635AD1 /* LaunchScreen.storyboard */ = {
			isa = PBXVariantGroup;
			children = (
				59FA9B132467EF1B00635AD1 /* Base */,
			);
			name = LaunchScreen.storyboard;
			sourceTree = "<group>";
		};
/* End PBXVariantGroup section */

/* Begin XCBuildConfiguration section */
		596E342624BEEA5100F715C7 /* Debug */ = {
			isa = XCBuildConfiguration;
			buildSettings = {
				CODE_SIGN_STYLE = Automatic;
				CURRENT_PROJECT_VERSION = 3;
				DEVELOPMENT_TEAM = Q9L559MT2U;
				INFOPLIST_FILE = TopShelf/Info.plist;
				LD_RUNPATH_SEARCH_PATHS = (
					"$(inherited)",
					"@executable_path/Frameworks",
					"@executable_path/../../Frameworks",
				);
				MARKETING_VERSION = 1.1;
				PRODUCT_BUNDLE_IDENTIFIER = com.jansvenssoncv.CryptoPrice.TopShelf;
				PRODUCT_NAME = "$(TARGET_NAME)";
				SKIP_INSTALL = YES;
				SWIFT_VERSION = 5.0;
				TARGETED_DEVICE_FAMILY = 3;
				TVOS_DEPLOYMENT_TARGET = 13.4;
			};
			name = Debug;
		};
		596E342724BEEA5100F715C7 /* Release */ = {
			isa = XCBuildConfiguration;
			buildSettings = {
				CODE_SIGN_STYLE = Automatic;
				CURRENT_PROJECT_VERSION = 3;
				DEVELOPMENT_TEAM = Q9L559MT2U;
				INFOPLIST_FILE = TopShelf/Info.plist;
				LD_RUNPATH_SEARCH_PATHS = (
					"$(inherited)",
					"@executable_path/Frameworks",
					"@executable_path/../../Frameworks",
				);
				MARKETING_VERSION = 1.1;
				PRODUCT_BUNDLE_IDENTIFIER = com.jansvenssoncv.CryptoPrice.TopShelf;
				PRODUCT_NAME = "$(TARGET_NAME)";
				SKIP_INSTALL = YES;
				SWIFT_VERSION = 5.0;
				TARGETED_DEVICE_FAMILY = 3;
				TVOS_DEPLOYMENT_TARGET = 13.4;
			};
			name = Release;
		};
		59FA9B2C2467EF1B00635AD1 /* Debug */ = {
			isa = XCBuildConfiguration;
			buildSettings = {
				ALWAYS_SEARCH_USER_PATHS = NO;
				CLANG_ANALYZER_NONNULL = YES;
				CLANG_ANALYZER_NUMBER_OBJECT_CONVERSION = YES_AGGRESSIVE;
				CLANG_CXX_LANGUAGE_STANDARD = "gnu++14";
				CLANG_CXX_LIBRARY = "libc++";
				CLANG_ENABLE_MODULES = YES;
				CLANG_ENABLE_OBJC_ARC = YES;
				CLANG_ENABLE_OBJC_WEAK = YES;
				CLANG_WARN_BLOCK_CAPTURE_AUTORELEASING = YES;
				CLANG_WARN_BOOL_CONVERSION = YES;
				CLANG_WARN_COMMA = YES;
				CLANG_WARN_CONSTANT_CONVERSION = YES;
				CLANG_WARN_DEPRECATED_OBJC_IMPLEMENTATIONS = YES;
				CLANG_WARN_DIRECT_OBJC_ISA_USAGE = YES_ERROR;
				CLANG_WARN_DOCUMENTATION_COMMENTS = YES;
				CLANG_WARN_EMPTY_BODY = YES;
				CLANG_WARN_ENUM_CONVERSION = YES;
				CLANG_WARN_INFINITE_RECURSION = YES;
				CLANG_WARN_INT_CONVERSION = YES;
				CLANG_WARN_NON_LITERAL_NULL_CONVERSION = YES;
				CLANG_WARN_OBJC_IMPLICIT_RETAIN_SELF = YES;
				CLANG_WARN_OBJC_LITERAL_CONVERSION = YES;
				CLANG_WARN_OBJC_ROOT_CLASS = YES_ERROR;
				CLANG_WARN_RANGE_LOOP_ANALYSIS = YES;
				CLANG_WARN_STRICT_PROTOTYPES = YES;
				CLANG_WARN_SUSPICIOUS_MOVE = YES;
				CLANG_WARN_UNGUARDED_AVAILABILITY = YES_AGGRESSIVE;
				CLANG_WARN_UNREACHABLE_CODE = YES;
				CLANG_WARN__DUPLICATE_METHOD_MATCH = YES;
				COPY_PHASE_STRIP = NO;
				DEBUG_INFORMATION_FORMAT = dwarf;
				ENABLE_STRICT_OBJC_MSGSEND = YES;
				ENABLE_TESTABILITY = YES;
				GCC_C_LANGUAGE_STANDARD = gnu11;
				GCC_DYNAMIC_NO_PIC = NO;
				GCC_NO_COMMON_BLOCKS = YES;
				GCC_OPTIMIZATION_LEVEL = 0;
				GCC_PREPROCESSOR_DEFINITIONS = (
					"DEBUG=1",
					"$(inherited)",
				);
				GCC_WARN_64_TO_32_BIT_CONVERSION = YES;
				GCC_WARN_ABOUT_RETURN_TYPE = YES_ERROR;
				GCC_WARN_UNDECLARED_SELECTOR = YES;
				GCC_WARN_UNINITIALIZED_AUTOS = YES_AGGRESSIVE;
				GCC_WARN_UNUSED_FUNCTION = YES;
				GCC_WARN_UNUSED_VARIABLE = YES;
				MTL_ENABLE_DEBUG_INFO = INCLUDE_SOURCE;
				MTL_FAST_MATH = YES;
				ONLY_ACTIVE_ARCH = YES;
				SDKROOT = appletvos;
				SWIFT_ACTIVE_COMPILATION_CONDITIONS = DEBUG;
				SWIFT_OPTIMIZATION_LEVEL = "-Onone";
				TVOS_DEPLOYMENT_TARGET = 13.2;
			};
			name = Debug;
		};
		59FA9B2D2467EF1B00635AD1 /* Release */ = {
			isa = XCBuildConfiguration;
			buildSettings = {
				ALWAYS_SEARCH_USER_PATHS = NO;
				CLANG_ANALYZER_NONNULL = YES;
				CLANG_ANALYZER_NUMBER_OBJECT_CONVERSION = YES_AGGRESSIVE;
				CLANG_CXX_LANGUAGE_STANDARD = "gnu++14";
				CLANG_CXX_LIBRARY = "libc++";
				CLANG_ENABLE_MODULES = YES;
				CLANG_ENABLE_OBJC_ARC = YES;
				CLANG_ENABLE_OBJC_WEAK = YES;
				CLANG_WARN_BLOCK_CAPTURE_AUTORELEASING = YES;
				CLANG_WARN_BOOL_CONVERSION = YES;
				CLANG_WARN_COMMA = YES;
				CLANG_WARN_CONSTANT_CONVERSION = YES;
				CLANG_WARN_DEPRECATED_OBJC_IMPLEMENTATIONS = YES;
				CLANG_WARN_DIRECT_OBJC_ISA_USAGE = YES_ERROR;
				CLANG_WARN_DOCUMENTATION_COMMENTS = YES;
				CLANG_WARN_EMPTY_BODY = YES;
				CLANG_WARN_ENUM_CONVERSION = YES;
				CLANG_WARN_INFINITE_RECURSION = YES;
				CLANG_WARN_INT_CONVERSION = YES;
				CLANG_WARN_NON_LITERAL_NULL_CONVERSION = YES;
				CLANG_WARN_OBJC_IMPLICIT_RETAIN_SELF = YES;
				CLANG_WARN_OBJC_LITERAL_CONVERSION = YES;
				CLANG_WARN_OBJC_ROOT_CLASS = YES_ERROR;
				CLANG_WARN_RANGE_LOOP_ANALYSIS = YES;
				CLANG_WARN_STRICT_PROTOTYPES = YES;
				CLANG_WARN_SUSPICIOUS_MOVE = YES;
				CLANG_WARN_UNGUARDED_AVAILABILITY = YES_AGGRESSIVE;
				CLANG_WARN_UNREACHABLE_CODE = YES;
				CLANG_WARN__DUPLICATE_METHOD_MATCH = YES;
				COPY_PHASE_STRIP = NO;
				DEBUG_INFORMATION_FORMAT = "dwarf-with-dsym";
				ENABLE_NS_ASSERTIONS = NO;
				ENABLE_STRICT_OBJC_MSGSEND = YES;
				GCC_C_LANGUAGE_STANDARD = gnu11;
				GCC_NO_COMMON_BLOCKS = YES;
				GCC_WARN_64_TO_32_BIT_CONVERSION = YES;
				GCC_WARN_ABOUT_RETURN_TYPE = YES_ERROR;
				GCC_WARN_UNDECLARED_SELECTOR = YES;
				GCC_WARN_UNINITIALIZED_AUTOS = YES_AGGRESSIVE;
				GCC_WARN_UNUSED_FUNCTION = YES;
				GCC_WARN_UNUSED_VARIABLE = YES;
				MTL_ENABLE_DEBUG_INFO = NO;
				MTL_FAST_MATH = YES;
				SDKROOT = appletvos;
				SWIFT_COMPILATION_MODE = wholemodule;
				SWIFT_OPTIMIZATION_LEVEL = "-O";
				TVOS_DEPLOYMENT_TARGET = 13.2;
				VALIDATE_PRODUCT = YES;
			};
			name = Release;
		};
		59FA9B2F2467EF1B00635AD1 /* Debug */ = {
			isa = XCBuildConfiguration;
			buildSettings = {
				ALWAYS_EMBED_SWIFT_STANDARD_LIBRARIES = YES;
				ASSETCATALOG_COMPILER_APPICON_NAME = "App Icon & Top Shelf Image";
				CODE_SIGN_STYLE = Automatic;
				CURRENT_PROJECT_VERSION = 1;
				DEVELOPMENT_TEAM = Q9L559MT2U;
				INFOPLIST_FILE = CryptoPrice/Info.plist;
				LD_RUNPATH_SEARCH_PATHS = (
					"$(inherited)",
					"@executable_path/Frameworks",
				);
				MARKETING_VERSION = 1.3;
				PRODUCT_BUNDLE_IDENTIFIER = com.jansvenssoncv.CryptoPrice;
				PRODUCT_NAME = "$(TARGET_NAME)";
				SWIFT_VERSION = 5.0;
				TARGETED_DEVICE_FAMILY = 3;
				TVOS_DEPLOYMENT_TARGET = 13.3;
			};
			name = Debug;
		};
		59FA9B302467EF1B00635AD1 /* Release */ = {
			isa = XCBuildConfiguration;
			buildSettings = {
				ALWAYS_EMBED_SWIFT_STANDARD_LIBRARIES = YES;
				ASSETCATALOG_COMPILER_APPICON_NAME = "App Icon & Top Shelf Image";
				CODE_SIGN_STYLE = Automatic;
				CURRENT_PROJECT_VERSION = 1;
				DEVELOPMENT_TEAM = Q9L559MT2U;
				INFOPLIST_FILE = CryptoPrice/Info.plist;
				LD_RUNPATH_SEARCH_PATHS = (
					"$(inherited)",
					"@executable_path/Frameworks",
				);
				MARKETING_VERSION = 1.3;
				PRODUCT_BUNDLE_IDENTIFIER = com.jansvenssoncv.CryptoPrice;
				PRODUCT_NAME = "$(TARGET_NAME)";
				SWIFT_VERSION = 5.0;
				TARGETED_DEVICE_FAMILY = 3;
				TVOS_DEPLOYMENT_TARGET = 13.3;
			};
			name = Release;
		};
		59FA9B322467EF1B00635AD1 /* Debug */ = {
			isa = XCBuildConfiguration;
			buildSettings = {
				ALWAYS_EMBED_SWIFT_STANDARD_LIBRARIES = YES;
				BUNDLE_LOADER = "$(TEST_HOST)";
				CODE_SIGN_STYLE = Automatic;
				DEVELOPMENT_TEAM = Q9L559MT2U;
				INFOPLIST_FILE = CryptoPriceTests/Info.plist;
				LD_RUNPATH_SEARCH_PATHS = (
					"$(inherited)",
					"@executable_path/Frameworks",
					"@loader_path/Frameworks",
				);
				PRODUCT_BUNDLE_IDENTIFIER = com.jansvenssoncv.CryptoPriceTests;
				PRODUCT_NAME = "$(TARGET_NAME)";
				SWIFT_VERSION = 5.0;
				TARGETED_DEVICE_FAMILY = 3;
				TEST_HOST = "$(BUILT_PRODUCTS_DIR)/CryptoPrice.app/CryptoPrice";
				TVOS_DEPLOYMENT_TARGET = 13.2;
			};
			name = Debug;
		};
		59FA9B332467EF1B00635AD1 /* Release */ = {
			isa = XCBuildConfiguration;
			buildSettings = {
				ALWAYS_EMBED_SWIFT_STANDARD_LIBRARIES = YES;
				BUNDLE_LOADER = "$(TEST_HOST)";
				CODE_SIGN_STYLE = Automatic;
				DEVELOPMENT_TEAM = Q9L559MT2U;
				INFOPLIST_FILE = CryptoPriceTests/Info.plist;
				LD_RUNPATH_SEARCH_PATHS = (
					"$(inherited)",
					"@executable_path/Frameworks",
					"@loader_path/Frameworks",
				);
				PRODUCT_BUNDLE_IDENTIFIER = com.jansvenssoncv.CryptoPriceTests;
				PRODUCT_NAME = "$(TARGET_NAME)";
				SWIFT_VERSION = 5.0;
				TARGETED_DEVICE_FAMILY = 3;
				TEST_HOST = "$(BUILT_PRODUCTS_DIR)/CryptoPrice.app/CryptoPrice";
				TVOS_DEPLOYMENT_TARGET = 13.2;
			};
			name = Release;
		};
		59FA9B352467EF1B00635AD1 /* Debug */ = {
			isa = XCBuildConfiguration;
			buildSettings = {
				ALWAYS_EMBED_SWIFT_STANDARD_LIBRARIES = YES;
				CODE_SIGN_STYLE = Automatic;
				DEVELOPMENT_TEAM = Q9L559MT2U;
				INFOPLIST_FILE = CryptoPriceUITests/Info.plist;
				LD_RUNPATH_SEARCH_PATHS = (
					"$(inherited)",
					"@executable_path/Frameworks",
					"@loader_path/Frameworks",
				);
				PRODUCT_BUNDLE_IDENTIFIER = com.jansvenssoncv.CryptoPriceUITests;
				PRODUCT_NAME = "$(TARGET_NAME)";
				SWIFT_VERSION = 5.0;
				TARGETED_DEVICE_FAMILY = 3;
				TEST_TARGET_NAME = CryptoPrice;
			};
			name = Debug;
		};
		59FA9B362467EF1B00635AD1 /* Release */ = {
			isa = XCBuildConfiguration;
			buildSettings = {
				ALWAYS_EMBED_SWIFT_STANDARD_LIBRARIES = YES;
				CODE_SIGN_STYLE = Automatic;
				DEVELOPMENT_TEAM = Q9L559MT2U;
				INFOPLIST_FILE = CryptoPriceUITests/Info.plist;
				LD_RUNPATH_SEARCH_PATHS = (
					"$(inherited)",
					"@executable_path/Frameworks",
					"@loader_path/Frameworks",
				);
				PRODUCT_BUNDLE_IDENTIFIER = com.jansvenssoncv.CryptoPriceUITests;
				PRODUCT_NAME = "$(TARGET_NAME)";
				SWIFT_VERSION = 5.0;
				TARGETED_DEVICE_FAMILY = 3;
				TEST_TARGET_NAME = CryptoPrice;
			};
			name = Release;
		};
/* End XCBuildConfiguration section */

/* Begin XCConfigurationList section */
		596E342824BEEA5100F715C7 /* Build configuration list for PBXNativeTarget "TopShelf" */ = {
			isa = XCConfigurationList;
			buildConfigurations = (
				596E342624BEEA5100F715C7 /* Debug */,
				596E342724BEEA5100F715C7 /* Release */,
			);
			defaultConfigurationIsVisible = 0;
			defaultConfigurationName = Release;
		};
		59FA9AFE2467EF1A00635AD1 /* Build configuration list for PBXProject "CryptoPrice" */ = {
			isa = XCConfigurationList;
			buildConfigurations = (
				59FA9B2C2467EF1B00635AD1 /* Debug */,
				59FA9B2D2467EF1B00635AD1 /* Release */,
			);
			defaultConfigurationIsVisible = 0;
			defaultConfigurationName = Release;
		};
		59FA9B2E2467EF1B00635AD1 /* Build configuration list for PBXNativeTarget "CryptoPrice" */ = {
			isa = XCConfigurationList;
			buildConfigurations = (
				59FA9B2F2467EF1B00635AD1 /* Debug */,
				59FA9B302467EF1B00635AD1 /* Release */,
			);
			defaultConfigurationIsVisible = 0;
			defaultConfigurationName = Release;
		};
		59FA9B312467EF1B00635AD1 /* Build configuration list for PBXNativeTarget "CryptoPriceTests" */ = {
			isa = XCConfigurationList;
			buildConfigurations = (
				59FA9B322467EF1B00635AD1 /* Debug */,
				59FA9B332467EF1B00635AD1 /* Release */,
			);
			defaultConfigurationIsVisible = 0;
			defaultConfigurationName = Release;
		};
		59FA9B342467EF1B00635AD1 /* Build configuration list for PBXNativeTarget "CryptoPriceUITests" */ = {
			isa = XCConfigurationList;
			buildConfigurations = (
				59FA9B352467EF1B00635AD1 /* Debug */,
				59FA9B362467EF1B00635AD1 /* Release */,
			);
			defaultConfigurationIsVisible = 0;
			defaultConfigurationName = Release;
		};
/* End XCConfigurationList section */

/* Begin XCRemoteSwiftPackageReference section */
		5969A91E2D5E27BE00F69CC8 /* XCRemoteSwiftPackageReference "purchases-ios-spm" */ = {
			isa = XCRemoteSwiftPackageReference;
			repositoryURL = "https://github.com/RevenueCat/purchases-ios-spm.git";
			requirement = {
				kind = upToNextMajorVersion;
				minimumVersion = 5.16.1;
			};
		};
		59C57BBD298B15670076F802 /* XCRemoteSwiftPackageReference "Alamofire" */ = {
			isa = XCRemoteSwiftPackageReference;
			repositoryURL = "https://github.com/Alamofire/Alamofire";
			requirement = {
				branch = master;
				kind = branch;
			};
		};
		59C57BC0298B16920076F802 /* XCRemoteSwiftPackageReference "Charts" */ = {
			isa = XCRemoteSwiftPackageReference;
			repositoryURL = "https://github.com/danielgindi/Charts";
			requirement = {
				branch = master;
				kind = branch;
			};
		};
/* End XCRemoteSwiftPackageReference section */

/* Begin XCSwiftPackageProductDependency section */
		5969A91F2D5E27BE00F69CC8 /* RevenueCat */ = {
			isa = XCSwiftPackageProductDependency;
			package = 5969A91E2D5E27BE00F69CC8 /* XCRemoteSwiftPackageReference "purchases-ios-spm" */;
			productName = RevenueCat;
		};
		5969A9212D5E27BE00F69CC8 /* RevenueCatUI */ = {
			isa = XCSwiftPackageProductDependency;
			package = 5969A91E2D5E27BE00F69CC8 /* XCRemoteSwiftPackageReference "purchases-ios-spm" */;
			productName = RevenueCatUI;
		};
		59C57BBE298B15670076F802 /* Alamofire */ = {
			isa = XCSwiftPackageProductDependency;
			package = 59C57BBD298B15670076F802 /* XCRemoteSwiftPackageReference "Alamofire" */;
			productName = Alamofire;
		};
		59C57BC1298B16920076F802 /* Charts */ = {
			isa = XCSwiftPackageProductDependency;
			package = 59C57BC0298B16920076F802 /* XCRemoteSwiftPackageReference "Charts" */;
			productName = Charts;
		};
/* End XCSwiftPackageProductDependency section */

/* Begin XCVersionGroup section */
		59FA9B0D2467EF1A00635AD1 /* CryptoPrice.xcdatamodeld */ = {
			isa = XCVersionGroup;
			children = (
				59FA9B0E2467EF1A00635AD1 /* CryptoPrice.xcdatamodel */,
			);
			currentVersion = 59FA9B0E2467EF1A00635AD1 /* CryptoPrice.xcdatamodel */;
			path = CryptoPrice.xcdatamodeld;
			sourceTree = "<group>";
			versionGroupType = wrapper.xcdatamodel;
		};
/* End XCVersionGroup section */
	};
	rootObject = 59FA9AFB2467EF1A00635AD1 /* Project object */;
}
